appId: com.hatiwal.app
---
# Report a user then confirm the block follow-up (TASK-R612)
# Uses the distinct confirm label "Yes, block them" to make the tap unambiguous.

- runFlow: ../_helpers/login.yaml
- waitForAnimationToEnd
# Open a listing detail. THE STEP THAT OPENS ONE WAS MISSING: this flow tapped
# "Contact Seller" — a DETAIL-screen button — while still on the Bazaar feed,
# where it does not exist, so it never opened a listing and failed on the button
# it should have been asserting afterwards. The comment above it said "open a
# listing detail" the whole time.
#
# A NAMED seeded listing, not "the first card": it does not depend on feed
# ordering, it is active, and it belongs to seller@hatiwal.test — so the buyer
# running this flow sees the contact affordance rather than their own listing.
# A DISTINCT report target, deliberately. Report uniqueness is scoped
# `%i[reporter_id reportable_type]` on reportable_id (report.rb) — the REASON is not
# part of the key — so one reporter can hold only ONE live report per user. Four
# flows used to report seller@hatiwal.test: chat/report_participant (feature 6) got
# there first and the three report/* flows (feature 10) were all answered with
# report.errors.duplicate in the same cycle. Clearing reports between cycles does not
# help with that; each flow needs its own target.
# Sony 55 inch 4K Smart TV is owned by user 40 (maryam@hatiwal.com), reported by nothing else.
# Searching rather than scrolling: it does not depend on where the listing lands in
# a recency-sorted, paginating feed. Tapped by CARD testID, because the title is by
# then sitting in the search box — higher in the hierarchy than the results — so a
# text match would land on the input instead.
- tapOn:
    id: "browse-search-input"
- inputText: "Sony 55 inch 4K Smart TV"
- waitForAnimationToEnd
- extendedWaitUntil:
    visible:
      id: "listing-card"
    timeout: 20000
- tapOn:
    id: "listing-card"
    index: 0
- waitForAnimationToEnd
# NOT tapping "Contact Seller" here: that opens the first-message sheet, which
# then covers the detail screen the rest of this flow acts on. Opening the
# listing IS the step that was missing; the contact tap was never the point.
- scrollUntilVisible:
    element:
      id: "seller-profile-link"
# The seller ROW, by testID — not the section heading above it. "Seller"
# (listing.detail.seller) is real copy, which is why this looked right: it is the
# heading on ListingDetail:674, and tapping a heading does nothing, so the flow
# stayed on the detail screen and failed on the profile assertion afterwards. The
# tappable thing is the UserIdentity row, which shows the seller's NAME. ("Seller
# Name", used by two of these flows, is placeholder text the app never rendered.)
# scrollUntilVisible, because `tapOn` never scrolls to its target and the seller
# row sits BELOW THE FOLD on listing detail — the hierarchy at failure held
# save-toggle-button, more-options-button, price, location and view count, and
# stopped at the posted date. `Element not found: seller-profile-link` therefore
# meant "off screen", not "missing testID".
- scrollUntilVisible:
    element:
      id: "seller-profile-link"
    direction: DOWN
    timeout: 20000
- tapOn:
    id: "seller-profile-link"
- waitForAnimationToEnd
# On seller profile — open the Report sheet
# OPEN THE ⋮ MENU FIRST. On UserProfile, Block/Unblock/Report live in ActionMenu
# behind `more-menu` — they are not on the screen itself, so tapping them
# directly reported `Element not found: Text matching regex: Block User` on a
# profile that was rendering perfectly.
- tapOn:
    id: "more-menu"
- waitForAnimationToEnd
- tapOn: "Report User"
- waitForAnimationToEnd
- assertVisible: "Why are you reporting this?"
# Select a reason and submit
- tapOn: "Fraud or scam"
- tapOn: "Submit Report"
- waitForAnimationToEnd
# NOT the success toast: for a USER report, ReportSheet.onSuccess fires the toast
# and then presents the "also block this user?" confirmAlert, a native modal that
# COVERS it — so the toast is out of the accessibility tree before anything can
# poll for it. The alert is the better proof: it only appears on a 201, it is
# durable, and it is what the user actually sees next. (report_listing asserts
# the same toast and passes: a Listing report just closes the sheet.)
# Block follow-up dialog appears
- assertVisible: "Block this user?"
- assertVisible: "Yes, block them"
- assertVisible: "Not now"
# Confirm the block
- tapOn: "Yes, block them"
- waitForAnimationToEnd
# Block success toast appears
# extendedWaitUntil, not assertVisible: this is a TOAST. It lives ~3s, so a
# single check right after an action is a race — and any wait in front of it
# loses that race, turning a successful action red. Polling keeps the check at
# full strength while removing the timing dependency.
- extendedWaitUntil:
    visible: "User blocked successfully."
    timeout: 15000

# ── Undo the block ──────────────────────────
# A block is persisted on the USER, so leaving it set hides this seller's listings
# from the buyer for the rest of the cycle and every later flow that needs one of
# them fails with a missing-fixture message for a fixture that is merely hidden.
# db/seeds/e2e.rb clears e2e blocks between cycles and its comment names this exact
# problem; report/block_user.yaml always unblocked, and this flow never did.
- tapOn:
    id: "more-menu"
- waitForAnimationToEnd
- extendedWaitUntil:
    visible: "Unblock User"
    timeout: 15000
- tapOn: "Unblock User"
- waitForAnimationToEnd
- extendedWaitUntil:
    visible: "User unblocked"
    timeout: 20000
